
Microsoft Visual Studio Solution File, Format Version 12.00
# Visual Studio 2013
VisualStudioVersion = 12.0.40629.0
MinimumVisualStudioVersion = 10.0.40219.1
Project("{FAE04EC0-301F-11D3-BF4B-00C04F79EFBC}") = "ConsoleApplication1", "ConsoleApplication1\ConsoleApplication1.csproj", "{94ACEA2F-BAB7-42D7-A05B-0D1342923B32}"
EndProject
Project("{FAE04EC0-301F-11D3-BF4B-00C04F79EFBC}") = "build", "build\build.csproj", "{FFC0CAC9-0BE5-438F-9E56-9F2CEE958BD7}"
EndProject
Project("{2150E333-8FDC-42A3-9474-1A3956D46DE8}") = ".nuget", ".nuget", "{3694ADDF-9225-4497-A6A8-DCD3AD5DE2C4}"
	ProjectSection(SolutionItems) = preProject
		.nuget\packages.config = .nuget\packages.config
	EndProjectSection
EndProject
Global
	GlobalSection(SolutionConfigurationPlatforms) = preSolution
		Debug|Any CPU = Debug|Any CPU
		Release|Any CPU = Release|Any CPU
	EndGlobalSection
	GlobalSection(ProjectConfigurationPlatforms) = postSolution
		{94ACEA2F-BAB7-42D7-A05B-0D1342923B32}.Debug|Any CPU.ActiveCfg = Debug|Any CPU
		{94ACEA2F-BAB7-42D7-A05B-0D1342923B32}.Debug|Any CPU.Build.0 = Debug|Any CPU
		{94ACEA2F-BAB7-42D7-A05B-0D1342923B32}.Release|Any CPU.ActiveCfg = Release|Any CPU
		{94ACEA2F-BAB7-42D7-A05B-0D1342923B32}.Release|Any CPU.Build.0 = Release|Any CPU
		{FFC0CAC9-0BE5-438F-9E56-9F2CEE958BD7}.Debug|Any CPU.ActiveCfg = Debug|Any CPU
		{FFC0CAC9-0BE5-438F-9E56-9F2CEE958BD7}.Debug|Any CPU.Build.0 = Debug|Any CPU
		{FFC0CAC9-0BE5-438F-9E56-9F2CEE958BD7}.Release|Any CPU.ActiveCfg = Release|Any CPU
		{FFC0CAC9-0BE5-438F-9E56-9F2CEE958BD7}.Release|Any CPU.Build.0 = Release|Any CPU
	EndGlobalSection
	GlobalSection(SolutionProperties) = preSolution
		HideSolutionNode = FALSE
	EndGlobalSection
EndGlobal
